
Microsoft Visual Studio Solution File, Format Version 12.00
# Visual Studio Version 17
VisualStudioVersion = 17.9.34728.123
MinimumVisualStudioVersion = 10.0.40219.1
Project("{FAE04EC0-301F-11D3-BF4B-00C04F79EFBC}") = "Avalon", "Avalon\Avalon.csproj", "{466C2528-5AA8-46F7-9C4F-30697C2A0D0E}"
EndProject
Global
	GlobalSection(SolutionConfigurationPlatforms) = preSolution
		Debug|Any CPU = Debug|Any CPU
		Release|Any CPU = Release|Any CPU
	EndGlobalSection
	GlobalSection(ProjectConfigurationPlatforms) = postSolution
		{466C2528-5AA8-46F7-9C4F-30697C2A0D0E}.Debug|Any CPU.ActiveCfg = Debug|Any CPU
		{466C2528-5AA8-46F7-9C4F-30697C2A0D0E}.Debug|Any CPU.Build.0 = Debug|Any CPU
		{466C2528-5AA8-46F7-9C4F-30697C2A0D0E}.Release|Any CPU.ActiveCfg = Release|Any CPU
		{466C2528-5AA8-46F7-9C4F-30697C2A0D0E}.Release|Any CPU.Build.0 = Release|Any CPU
	EndGlobalSection
	GlobalSection(SolutionProperties) = preSolution
		HideSolutionNode = FALSE
	EndGlobalSection
	GlobalSection(ExtensibilityGlobals) = postSolution
		SolutionGuid = {49C083CB-127F-42FD-9244-99E08BE91E5C}
	EndGlobalSection
EndGlobal
